
Microsoft Visual Studio Solution File, Format Version 12.00
# Visual Studio Version 17
VisualStudioVersion = 17.1.32228.430
MinimumVisualStudioVersion = 10.0.40219.1
Project("{FAE04EC0-301F-11D3-BF4B-00C04F79EFBC}") = "YouTube Video Uploader (cross-platform)", "YouTube Video Uploader (cross-platform).csproj", "{4F0B596D-C433-4A3A-A21B-A4DC771D3AD7}"
EndProject
Global
	GlobalSection(SolutionConfigurationPlatforms) = preSolution
		Debug|Any CPU = Debug|Any CPU
		Release|Any CPU = Release|Any CPU
	EndGlobalSection
	GlobalSection(ProjectConfigurationPlatforms) = postSolution
		{4F0B596D-C433-4A3A-A21B-A4DC771D3AD7}.Debug|Any CPU.ActiveCfg = Debug|Any CPU
		{4F0B596D-C433-4A3A-A21B-A4DC771D3AD7}.Debug|Any CPU.Build.0 = Debug|Any CPU
		{4F0B596D-C433-4A3A-A21B-A4DC771D3AD7}.Release|Any CPU.ActiveCfg = Release|Any CPU
		{4F0B596D-C433-4A3A-A21B-A4DC771D3AD7}.Release|Any CPU.Build.0 = Release|Any CPU
	EndGlobalSection
	GlobalSection(SolutionProperties) = preSolution
		HideSolutionNode = FALSE
	EndGlobalSection
	GlobalSection(ExtensibilityGlobals) = postSolution
		SolutionGuid = {BEB1C28B-7DB6-4077-B0D8-44EFCFD5243D}
	EndGlobalSection
EndGlobal
